
Microsoft Visual Studio Solution File, Format Version 12.00
# Visual Studio Version 16
VisualStudioVersion = 16.0.32228.343
MinimumVisualStudioVersion = 10.0.40219.1
Project("{FAE04EC0-301F-11D3-BF4B-00C04F79EFBC}") = "sandbox_code_exam", "sandbox_code_exam.csproj", "{D610398A-B9A7-40DB-B303-CEBD50EEEFE6}"
EndProject
Global
	GlobalSection(SolutionConfigurationPlatforms) = preSolution
		Debug|Any CPU = Debug|Any CPU
		Release|Any CPU = Release|Any CPU
	EndGlobalSection
	GlobalSection(ProjectConfigurationPlatforms) = postSolution
		{D610398A-B9A7-40DB-B303-CEBD50EEEFE6}.Debug|Any CPU.ActiveCfg = Debug|Any CPU
		{D610398A-B9A7-40DB-B303-CEBD50EEEFE6}.Debug|Any CPU.Build.0 = Debug|Any CPU
		{D610398A-B9A7-40DB-B303-CEBD50EEEFE6}.Release|Any CPU.ActiveCfg = Release|Any CPU
		{D610398A-B9A7-40DB-B303-CEBD50EEEFE6}.Release|Any CPU.Build.0 = Release|Any CPU
	EndGlobalSection
	GlobalSection(SolutionProperties) = preSolution
		HideSolutionNode = FALSE
	EndGlobalSection
	GlobalSection(ExtensibilityGlobals) = postSolution
		SolutionGuid = {859B0688-3434-4A4C-A68D-0329ACA82FF3}
	EndGlobalSection
EndGlobal
